<?xml version="1.0" encoding="utf-8"?>
<Project ToolsVersion="4.0" xmlns="http://schemas.microsoft.com/developer/msbuild/2003">
  <ItemGroup>
    <ClInclude Include="Base\Base.h">
      <Filter>Base</Filter>
    </ClInclude>
    <ClInclude Include="Global.h" />
    <ClInclude Include="Game\Player.h">
      <Filter>Game</Filter>
    </ClInclude>
    <ClInclude Include="Game\Boss.h">
      <Filter>Game</Filter>
    </ClInclude>
    <ClInclude Include="Game\FollowCamera.h">
      <Filter>Game</Filter>
    </ClInclude>
    <ClInclude Include="Game\Field.h">
      <Filter>Game</Filter>
    </ClInclude>
    <ClInclude Include="stdafx.h" />
    <ClInclude Include="Title\Title.h">
      <Filter>Title</Filter>
    </ClInclude>
    <ClInclude Include="Game\Game.h">
      <Filter>Game</Filter>
    </ClInclude>
    <ClInclude Include="Game\Effect.h">
      <Filter>Game</Filter>
    </ClInclude>
    <ClInclude Include="Game\Gun.h">
      <Filter>Game</Filter>
    </ClInclude>
    <ClInclude Include="Game\Bullet.h">
      <Filter>Game</Filter>
    </ClInclude>
    <ClInclude Include="Game\Enemy.h">
      <Filter>Game</Filter>
    </ClInclude>
    <ClInclude Include="Effekseer\EffekseerEffect.h">
      <Filter>Effekseer</Filter>
    </ClInclude>
    <ClInclude Include="Effekseer\EffekseerManager.h">
      <Filter>Effekseer</Filter>
    </ClInclude>
    <ClInclude Include="Game\Event.h">
      <Filter>Game</Filter>
    </ClInclude>
    <ClInclude Include="Game\Door.h">
      <Filter>Game</Filter>
    </ClInclude>
    <ClInclude Include="UI\Gauge.h">
      <Filter>UI</Filter>
    </ClInclude>
    <ClInclude Include="Game\Wall.h">
      <Filter>Game</Filter>
    </ClInclude>
    <ClInclude Include="UI\BulletCapacity.h">
      <Filter>UI</Filter>
    </ClInclude>
    <ClInclude Include="Title\GameOver.h">
      <Filter>Title</Filter>
    </ClInclude>
    <ClInclude Include="Title\GameClear.h">
      <Filter>Title</Filter>
    </ClInclude>
    <ClInclude Include="Game\SoundManager.h">
      <Filter>Game</Filter>
    </ClInclude>
    <ClInclude Include="Game\Credit.h">
      <Filter>Game</Filter>
    </ClInclude>
    <ClInclude Include="Game\Tutorial.h">
      <Filter>Game</Filter>
    </ClInclude>
    <ClInclude Include="Game\EventCamera.h">
      <Filter>Game</Filter>
    </ClInclude>
    <ClInclude Include="CameraShake.h">
      <Filter>Game</Filter>
    </ClInclude>
  </ItemGroup>
  <ItemGroup>
    <ClCompile Include="Base\Base.cpp">
      <Filter>Base</Filter>
    </ClCompile>
    <ClCompile Include="main.cpp" />
    <ClCompile Include="Game\Player.cpp">
      <Filter>Game</Filter>
    </ClCompile>
    <ClCompile Include="Game\Boss.cpp">
      <Filter>Game</Filter>
    </ClCompile>
    <ClCompile Include="Game\FollowCamera.cpp">
      <Filter>Game</Filter>
    </ClCompile>
    <ClCompile Include="Game\Field.cpp">
      <Filter>Game</Filter>
    </ClCompile>
    <ClCompile Include="Title\Title.cpp">
      <Filter>Title</Filter>
    </ClCompile>
    <ClCompile Include="Game\Game.cpp">
      <Filter>Game</Filter>
    </ClCompile>
    <ClCompile Include="Game\Effect.cpp">
      <Filter>Game</Filter>
    </ClCompile>
    <ClCompile Include="Game\Gun.cpp">
      <Filter>Game</Filter>
    </ClCompile>
    <ClCompile Include="Game\Bullet.cpp">
      <Filter>Game</Filter>
    </ClCompile>
    <ClCompile Include="Game\Enemy.cpp">
      <Filter>Game</Filter>
    </ClCompile>
    <ClCompile Include="Effekseer\EffekseerEffect.cpp">
      <Filter>Effekseer</Filter>
    </ClCompile>
    <ClCompile Include="Effekseer\EffekseerManager.cpp">
      <Filter>Effekseer</Filter>
    </ClCompile>
    <ClCompile Include="Game\Event.cpp">
      <Filter>Game</Filter>
    </ClCompile>
    <ClCompile Include="Game\Door.cpp">
      <Filter>Game</Filter>
    </ClCompile>
    <ClCompile Include="UI\Gauge.cpp">
      <Filter>UI</Filter>
    </ClCompile>
    <ClCompile Include="Game\Wall.cpp">
      <Filter>Game</Filter>
    </ClCompile>
    <ClCompile Include="UI\BulletCapacity.cpp">
      <Filter>UI</Filter>
    </ClCompile>
    <ClCompile Include="Title\GameOver.cpp">
      <Filter>Title</Filter>
    </ClCompile>
    <ClCompile Include="Title\GameClear.cpp">
      <Filter>Title</Filter>
    </ClCompile>
    <ClCompile Include="Game\SoundManager.cpp">
      <Filter>Game</Filter>
    </ClCompile>
    <ClCompile Include="Game\Credit.cpp">
      <Filter>Game</Filter>
    </ClCompile>
    <ClCompile Include="Game\Tutorial.cpp">
      <Filter>Game</Filter>
    </ClCompile>
    <ClCompile Include="Game\EventCamera.cpp">
      <Filter>Game</Filter>
    </ClCompile>
    <ClCompile Include="CameraShake.cpp">
      <Filter>Game</Filter>
    </ClCompile>
  </ItemGroup>
  <ItemGroup>
    <Filter Include="Base">
      <UniqueIdentifier>{c82e17db-4a05-41de-9102-e75c7954fa95}</UniqueIdentifier>
    </Filter>
    <Filter Include="Game">
      <UniqueIdentifier>{13a9db8e-5213-42f0-b5b1-d5255d9ee481}</UniqueIdentifier>
    </Filter>
    <Filter Include="Title">
      <UniqueIdentifier>{5ea601ce-ac8d-45b0-a740-65c65a6c27d6}</UniqueIdentifier>
    </Filter>
    <Filter Include="Effekseer">
      <UniqueIdentifier>{6953715e-8146-4133-a780-972229c6e48c}</UniqueIdentifier>
    </Filter>
    <Filter Include="UI">
      <UniqueIdentifier>{63ba4fc0-7965-41f7-8568-60fb10b5f060}</UniqueIdentifier>
    </Filter>
  </ItemGroup>
</Project>